{
  "version": 4,
  "terraform_version": "1.5.5",
  "serial": 9,
  "lineage": "4d0e8baf-18db-1c5b-ab97-ab4320d39c74",
  "outputs": {
    "resource_group_name": {
      "value": "rg-tf101-dev-aucentral-01",
      "type": "string"
    }
  },
  "resources": [
    {
      "mode": "managed",
      "type": "azurerm_resource_group",
      "name": "rg",
      "provider": "provider[\"registry.terraform.io/hashicorp/azurerm\"]",
      "instances": [
        {
          "schema_version": 0,
          "attributes": {
            "id": "/subscriptions/2c514ab7-578b-421a-ac8b-97cfdb7a0af7/resourceGroups/rg-tf101-dev-aucentral-01",
            "location": "australiacentral",
            "name": "rg-tf101-dev-aucentral-01",
            "tags": null,
            "timeouts": null
          },
          "sensitive_attributes": [],
          "private": "eyJlMmJmYjczMC1lY2FhLTExZTYtOGY4OC0zNDM2M2JjN2M0YzAiOnsiY3JlYXRlIjo1NDAwMDAwMDAwMDAwLCJkZWxldGUiOjU0MDAwMDAwMDAwMDAsInJlYWQiOjMwMDAwMDAwMDAwMCwidXBkYXRlIjo1NDAwMDAwMDAwMDAwfX0="
        }
      ]
    }
  ],
  "check_results": null
}
